
Microsoft Visual Studio Solution File, Format Version 12.00
# Visual Studio 14
VisualStudioVersion = 14.0.23107.0
MinimumVisualStudioVersion = 10.0.40219.1
Project("{FAE04EC0-301F-11D3-BF4B-00C04F79EFBC}") = "FlightChess", "FlightChess\FlightChess.csproj", "{7680DC9D-F105-4F55-8ECB-6EF050557498}"
EndProject
Project("{FAE04EC0-301F-11D3-BF4B-00C04F79EFBC}") = "FlightChessClient", "FlightChessClient\FlightChessClient.csproj", "{8BE5FCA2-D04C-4144-93DB-D327D30FE13E}"
EndProject
Global
	GlobalSection(SolutionConfigurationPlatforms) = preSolution
		Debug|Any CPU = Debug|Any CPU
		Release|Any CPU = Release|Any CPU
	EndGlobalSection
	GlobalSection(ProjectConfigurationPlatforms) = postSolution
		{7680DC9D-F105-4F55-8ECB-6EF050557498}.Debug|Any CPU.ActiveCfg = Debug|Any CPU
		{7680DC9D-F105-4F55-8ECB-6EF050557498}.Debug|Any CPU.Build.0 = Debug|Any CPU
		{7680DC9D-F105-4F55-8ECB-6EF050557498}.Release|Any CPU.ActiveCfg = Release|Any CPU
		{7680DC9D-F105-4F55-8ECB-6EF050557498}.Release|Any CPU.Build.0 = Release|Any CPU
		{8BE5FCA2-D04C-4144-93DB-D327D30FE13E}.Debug|Any CPU.ActiveCfg = Debug|Any CPU
		{8BE5FCA2-D04C-4144-93DB-D327D30FE13E}.Debug|Any CPU.Build.0 = Debug|Any CPU
		{8BE5FCA2-D04C-4144-93DB-D327D30FE13E}.Release|Any CPU.ActiveCfg = Release|Any CPU
		{8BE5FCA2-D04C-4144-93DB-D327D30FE13E}.Release|Any CPU.Build.0 = Release|Any CPU
	EndGlobalSection
	GlobalSection(SolutionProperties) = preSolution
		HideSolutionNode = FALSE
	EndGlobalSection
EndGlobal
